
Microsoft Visual Studio Solution File, Format Version 12.00
# Visual Studio 15
VisualStudioVersion = 15.0.28010.2036
MinimumVisualStudioVersion = 10.0.40219.1
Project("{FAE04EC0-301F-11D3-BF4B-00C04F79EFBC}") = "Assignment 4(2)", "Assignment 4(2)\Assignment 4(2).csproj", "{36DF0180-C552-4734-92CF-2A911E171F5F}"
EndProject
Global
	GlobalSection(SolutionConfigurationPlatforms) = preSolution
		Debug|Any CPU = Debug|Any CPU
		Release|Any CPU = Release|Any CPU
	EndGlobalSection
	GlobalSection(ProjectConfigurationPlatforms) = postSolution
		{36DF0180-C552-4734-92CF-2A911E171F5F}.Debug|Any CPU.ActiveCfg = Debug|Any CPU
		{36DF0180-C552-4734-92CF-2A911E171F5F}.Debug|Any CPU.Build.0 = Debug|Any CPU
		{36DF0180-C552-4734-92CF-2A911E171F5F}.Release|Any CPU.ActiveCfg = Release|Any CPU
		{36DF0180-C552-4734-92CF-2A911E171F5F}.Release|Any CPU.Build.0 = Release|Any CPU
	EndGlobalSection
	GlobalSection(SolutionProperties) = preSolution
		HideSolutionNode = FALSE
	EndGlobalSection
	GlobalSection(ExtensibilityGlobals) = postSolution
		SolutionGuid = {C5B75CA5-3527-4B22-9248-D30C7D6CDFBA}
	EndGlobalSection
EndGlobal
